// !$*UTF8*$!
{
	archiveVersion = 1;
	classes = {
	};
	objectVersion = 48;
	objects = {

/* Begin PBXBuildFile section */
		A191B008200D46EC004BE41D /* AppDelegate.swift in Sources */ = {isa = PBXBuildFile; fileRef = A191B007200D46EC004BE41D /* AppDelegate.swift */; };
		A191B00A200D46EC004BE41D /* ViewController.swift in Sources */ = {isa = PBXBuildFile; fileRef = A191B009200D46EC004BE41D /* ViewController.swift */; };
		A191B00D200D46EC004BE41D /* Main.storyboard in Resources */ = {isa = PBXBuildFile; fileRef = A191B00B200D46EC004BE41D /* Main.storyboard */; };
		A191B00F200D46EC004BE41D /* Assets.xcassets in Resources */ = {isa = PBXBuildFile; fileRef = A191B00E200D46EC004BE41D /* Assets.xcassets */; };
		A191B012200D46EC004BE41D /* LaunchScreen.storyboard in Resources */ = {isa = PBXBuildFile; fileRef = A191B010200D46EC004BE41D /* LaunchScreen.storyboard */; };
		A191B01D200D46EC004BE41D /* Rainbow_RoadTests.swift in Sources */ = {isa = PBXBuildFile; fileRef = A191B01C200D46EC004BE41D /* Rainbow_RoadTests.swift */; };
		A191B028200D46ED004BE41D /* Rainbow_RoadUITests.swift in Sources */ = {isa = PBXBuildFile; fileRef = A191B027200D46ED004BE41D /* Rainbow_RoadUITests.swift */; };
/* End PBXBuildFile section */

/* Begin PBXContainerItemProxy section */
		A191B019200D46EC004BE41D /* PBXContainerItemProxy */ = {
			isa = PBXContainerItemProxy;
			containerPortal = A191AFFC200D46EC004BE41D /* Project object */;
			proxyType = 1;
			remoteGlobalIDString = A191B003200D46EC004BE41D;
			remoteInfo = "Rainbow Road";
		};
		A191B024200D46ED004BE41D /* PBXContainerItemProxy */ = {
			isa = PBXContainerItemProxy;
			containerPortal = A191AFFC200D46EC004BE41D /* Project object */;
			proxyType = 1;
			remoteGlobalIDString = A191B003200D46EC004BE41D;
			remoteInfo = "Rainbow Road";
		};
/* End PBXContainerItemProxy section */

/* Begin PBXFileReference section */
		A191B004200D46EC004BE41D /* Rainbow Road.app */ = {isa = PBXFileReference; explicitFileType = wrapper.application; includeInIndex = 0; path = "Rainbow Road.app"; sourceTree = BUILT_PRODUCTS_DIR; };
		A191B007200D46EC004BE41D /* AppDelegate.swift */ = {isa = PBXFileReference; lastKnownFileType = sourcecode.swift; path = AppDelegate.swift; sourceTree = "<group>"; };
		A191B009200D46EC004BE41D /* ViewController.swift */ = {isa = PBXFileReference; lastKnownFileType = sourcecode.swift; path = ViewController.swift; sourceTree = "<group>"; };
		A191B00C200D46EC004BE41D /* Base */ = {isa = PBXFileReference; lastKnownFileType = file.storyboard; name = Base; path = Base.lproj/Main.storyboard; sourceTree = "<group>"; };
		A191B00E200D46EC004BE41D /* Assets.xcassets */ = {isa = PBXFileReference; lastKnownFileType = folder.assetcatalog; path = Assets.xcassets; sourceTree = "<group>"; };
		A191B011200D46EC004BE41D /* Base */ = {isa = PBXFileReference; lastKnownFileType = file.storyboard; name = Base; path = Base.lproj/LaunchScreen.storyboard; sourceTree = "<group>"; };
		A191B013200D46EC004BE41D /* Info.plist */ = {isa = PBXFileReference; lastKnownFileType = text.plist.xml; path = Info.plist; sourceTree = "<group>"; };
		A191B018200D46EC004BE41D /* Rainbow RoadTests.xctest */ = {isa = PBXFileReference; explicitFileType = wrapper.cfbundle; includeInIndex = 0; path = "Rainbow RoadTests.xctest"; sourceTree = BUILT_PRODUCTS_DIR; };
		A191B01C200D46EC004BE41D /* Rainbow_RoadTests.swift */ = {isa = PBXFileReference; lastKnownFileType = sourcecode.swift; path = Rainbow_RoadTests.swift; sourceTree = "<group>"; };
		A191B01E200D46EC004BE41D /* Info.plist */ = {isa = PBXFileReference; lastKnownFileType = text.plist.xml; path = Info.plist; sourceTree = "<group>"; };
		A191B023200D46ED004BE41D /* Rainbow RoadUITests.xctest */ = {isa = PBXFileReference; explicitFileType = wrapper.cfbundle; includeInIndex = 0; path = "Rainbow RoadUITests.xctest"; sourceTree = BUILT_PRODUCTS_DIR; };
		A191B027200D46ED004BE41D /* Rainbow_RoadUITests.swift */ = {isa = PBXFileReference; lastKnownFileType = sourcecode.swift; path = Rainbow_RoadUITests.swift; sourceTree = "<group>"; };
		A191B029200D46ED004BE41D /* Info.plist */ = {isa = PBXFileReference; lastKnownFileType = text.plist.xml; path = Info.plist; sourceTree = "<group>"; };
/* End PBXFileReference section */

/* Begin PBXFrameworksBuildPhase section */
		A191B001200D46EC004BE41D /* Frameworks */ = {
			isa = PBXFrameworksBuildPhase;
			buildActionMask = 2147483647;
			files = (
			);
			runOnlyForDeploymentPostprocessing = 0;
		};
		A191B015200D46EC004BE41D /* Frameworks */ = {
			isa = PBXFrameworksBuildPhase;
			buildActionMask = 2147483647;
			files = (
			);
			runOnlyForDeploymentPostprocessing = 0;
		};
		A191B020200D46ED004BE41D /* Frameworks */ = {
			isa = PBXFrameworksBuildPhase;
			buildActionMask = 2147483647;
			files = (
			);
			runOnlyForDeploymentPostprocessing = 0;
		};
/* End PBXFrameworksBuildPhase section */

/* Begin PBXGroup section */
		A191AFFB200D46EC004BE41D = {
			isa = PBXGroup;
			children = (
				A191B006200D46EC004BE41D /* Rainbow Road */,
				A191B01B200D46EC004BE41D /* Rainbow RoadTests */,
				A191B026200D46ED004BE41D /* Rainbow RoadUITests */,
				A191B005200D46EC004BE41D /* Products */,
			);
			sourceTree = "<group>";
		};
		A191B005200D46EC004BE41D /* Products */ = {
			isa = PBXGroup;
			children = (
				A191B004200D46EC004BE41D /* Rainbow Road.app */,
				A191B018200D46EC004BE41D /* Rainbow RoadTests.xctest */,
				A191B023200D46ED004BE41D /* Rainbow RoadUITests.xctest */,
			);
			name = Products;
			sourceTree = "<group>";
		};
		A191B006200D46EC004BE41D /* Rainbow Road */ = {
			isa = PBXGroup;
			children = (
				A191B007200D46EC004BE41D /* AppDelegate.swift */,
				A191B009200D46EC004BE41D /* ViewController.swift */,
				A191B00B200D46EC004BE41D /* Main.storyboard */,
				A191B00E200D46EC004BE41D /* Assets.xcassets */,
				A191B010200D46EC004BE41D /* LaunchScreen.storyboard */,
				A191B013200D46EC004BE41D /* Info.plist */,
			);
			path = "Rainbow Road";
			sourceTree = "<group>";
		};
		A191B01B200D46EC004BE41D /* Rainbow RoadTests */ = {
			isa = PBXGroup;
			children = (
				A191B01C200D46EC004BE41D /* Rainbow_RoadTests.swift */,
				A191B01E200D46EC004BE41D /* Info.plist */,
			);
			path = "Rainbow RoadTests";
			sourceTree = "<group>";
		};
		A191B026200D46ED004BE41D /* Rainbow RoadUITests */ = {
			isa = PBXGroup;
			children = (
				A191B027200D46ED004BE41D /* Rainbow_RoadUITests.swift */,
				A191B029200D46ED004BE41D /* Info.plist */,
			);
			path = "Rainbow RoadUITests";
			sourceTree = "<group>";
		};
/* End PBXGroup section */

/* Begin PBXNativeTarget section */
		A191B003200D46EC004BE41D /* Rainbow Road */ = {
			isa = PBXNativeTarget;
			buildConfigurationList = A191B02C200D46ED004BE41D /* Build configuration list for PBXNativeTarget "Rainbow Road" */;
			buildPhases = (
				A191B000200D46EC004BE41D /* Sources */,
				A191B001200D46EC004BE41D /* Frameworks */,
				A191B002200D46EC004BE41D /* Resources */,
			);
			buildRules = (
			);
			dependencies = (
			);
			name = "Rainbow Road";
			productName = "Rainbow Road";
			productReference = A191B004200D46EC004BE41D /* Rainbow Road.app */;
			productType = "com.apple.product-type.application";
		};
		A191B017200D46EC004BE41D /* Rainbow RoadTests */ = {
			isa = PBXNativeTarget;
			buildConfigurationList = A191B02F200D46ED004BE41D /* Build configuration list for PBXNativeTarget "Rainbow RoadTests" */;
			buildPhases = (
				A191B014200D46EC004BE41D /* Sources */,
				A191B015200D46EC004BE41D /* Frameworks */,
				A191B016200D46EC004BE41D /* Resources */,
			);
			buildRules = (
			);
			dependencies = (
				A191B01A200D46EC004BE41D /* PBXTargetDependency */,
			);
			name = "Rainbow RoadTests";
			productName = "Rainbow RoadTests";
			productReference = A191B018200D46EC004BE41D /* Rainbow RoadTests.xctest */;
			productType = "com.apple.product-type.bundle.unit-test";
		};
		A191B022200D46ED004BE41D /* Rainbow RoadUITests */ = {
			isa = PBXNativeTarget;
			buildConfigurationList = A191B032200D46ED004BE41D /* Build configuration list for PBXNativeTarget "Rainbow RoadUITests" */;
			buildPhases = (
				A191B01F200D46ED004BE41D /* Sources */,
				A191B020200D46ED004BE41D /* Frameworks */,
				A191B021200D46ED004BE41D /* Resources */,
			);
			buildRules = (
			);
			dependencies = (
				A191B025200D46ED004BE41D /* PBXTargetDependency */,
			);
			name = "Rainbow RoadUITests";
			productName = "Rainbow RoadUITests";
			productReference = A191B023200D46ED004BE41D /* Rainbow RoadUITests.xctest */;
			productType = "com.apple.product-type.bundle.ui-testing";
		};
/* End PBXNativeTarget section */

/* Begin PBXProject section */
		A191AFFC200D46EC004BE41D /* Project object */ = {
			isa = PBXProject;
			attributes = {
				LastSwiftUpdateCheck = 0920;
				LastUpgradeCheck = 0920;
				ORGANIZATIONNAME = Emily;
				TargetAttributes = {
					A191B003200D46EC004BE41D = {
						CreatedOnToolsVersion = 9.2;
						ProvisioningStyle = Automatic;
					};
					A191B017200D46EC004BE41D = {
						CreatedOnToolsVersion = 9.2;
						ProvisioningStyle = Automatic;
						TestTargetID = A191B003200D46EC004BE41D;
					};
					A191B022200D46ED004BE41D = {
						CreatedOnToolsVersion = 9.2;
						ProvisioningStyle = Automatic;
						TestTargetID = A191B003200D46EC004BE41D;
					};
				};
			};
			buildConfigurationList = A191AFFF200D46EC004BE41D /* Build configuration list for PBXProject "Rainbow Road" */;
			compatibilityVersion = "Xcode 8.0";
			developmentRegion = en;
			hasScannedForEncodings = 0;
			knownRegions = (
				en,
				Base,
			);
			mainGroup = A191AFFB200D46EC004BE41D;
			productRefGroup = A191B005200D46EC004BE41D /* Products */;
			projectDirPath = "";
			projectRoot = "";
			targets = (
				A191B003200D46EC004BE41D /* Rainbow Road */,
				A191B017200D46EC004BE41D /* Rainbow RoadTests */,
				A191B022200D46ED004BE41D /* Rainbow RoadUITests */,
			);
		};
/* End PBXProject section */

/* Begin PBXResourcesBuildPhase section */
		A191B002200D46EC004BE41D /* Resources */ = {
			isa = PBXResourcesBuildPhase;
			buildActionMask = 2147483647;
			files = (
				A191B012200D46EC004BE41D /* LaunchScreen.storyboard in Resources */,
				A191B00F200D46EC004BE41D /* Assets.xcassets in Resources */,
				A191B00D200D46EC004BE41D /* Main.storyboard in Resources */,
			);
			runOnlyForDeploymentPostprocessing = 0;
		};
		A191B016200D46EC004BE41D /* Resources */ = {
			isa = PBXResourcesBuildPhase;
			buildActionMask = 2147483647;
			files = (
			);
			runOnlyForDeploymentPostprocessing = 0;
		};
		A191B021200D46ED004BE41D /* Resources */ = {
			isa = PBXResourcesBuildPhase;
			buildActionMask = 2147483647;
			files = (
			);
			runOnlyForDeploymentPostprocessing = 0;
		};
/* End PBXResourcesBuildPhase section */

/* Begin PBXSourcesBuildPhase section */
		A191B000200D46EC004BE41D /* Sources */ = {
			isa = PBXSourcesBuildPhase;
			buildActionMask = 2147483647;
			files = (
				A191B00A200D46EC004BE41D /* ViewController.swift in Sources */,
				A191B008200D46EC004BE41D /* AppDelegate.swift in Sources */,
			);
			runOnlyForDeploymentPostprocessing = 0;
		};
		A191B014200D46EC004BE41D /* Sources */ = {
			isa = PBXSourcesBuildPhase;
			buildActionMask = 2147483647;
			files = (
				A191B01D200D46EC004BE41D /* Rainbow_RoadTests.swift in Sources */,
			);
			runOnlyForDeploymentPostprocessing = 0;
		};
		A191B01F200D46ED004BE41D /* Sources */ = {
			isa = PBXSourcesBuildPhase;
			buildActionMask = 2147483647;
			files = (
				A191B028200D46ED004BE41D /* Rainbow_RoadUITests.swift in Sources */,
			);
			runOnlyForDeploymentPostprocessing = 0;
		};
/* End PBXSourcesBuildPhase section */

/* Begin PBXTargetDependency section */
		A191B01A200D46EC004BE41D /* PBXTargetDependency */ = {
			isa = PBXTargetDependency;
			target = A191B003200D46EC004BE41D /* Rainbow Road */;
			targetProxy = A191B019200D46EC004BE41D /* PBXContainerItemProxy */;
		};
		A191B025200D46ED004BE41D /* PBXTargetDependency */ = {
			isa = PBXTargetDependency;
			target = A191B003200D46EC004BE41D /* Rainbow Road */;
			targetProxy = A191B024200D46ED004BE41D /* PBXContainerItemProxy */;
		};
/* End PBXTargetDependency section */

/* Begin PBXVariantGroup section */
		A191B00B200D46EC004BE41D /* Main.storyboard */ = {
			isa = PBXVariantGroup;
			children = (
				A191B00C200D46EC004BE41D /* Base */,
			);
			name = Main.storyboard;
			sourceTree = "<group>";
		};
		A191B010200D46EC004BE41D /* LaunchScreen.storyboard */ = {
			isa = PBXVariantGroup;
			children = (
				A191B011200D46EC004BE41D /* Base */,
			);
			name = LaunchScreen.storyboard;
			sourceTree = "<group>";
		};
/* End PBXVariantGroup section */

/* Begin XCBuildConfiguration section */
		A191B02A200D46ED004BE41D /* Debug */ = {
			isa = XCBuildConfiguration;
			buildSettings = {
				ALWAYS_SEARCH_USER_PATHS = NO;
				CLANG_ANALYZER_NONNULL = YES;
				CLANG_ANALYZER_NUMBER_OBJECT_CONVERSION = YES_AGGRESSIVE;
				CLANG_CXX_LANGUAGE_STANDARD = "gnu++14";
				CLANG_CXX_LIBRARY = "libc++";
				CLANG_ENABLE_MODULES = YES;
				CLANG_ENABLE_OBJC_ARC = YES;
				CLANG_WARN_BLOCK_CAPTURE_AUTORELEASING = YES;
				CLANG_WARN_BOOL_CONVERSION = YES;
				CLANG_WARN_COMMA = YES;
				CLANG_WARN_CONSTANT_CONVERSION = YES;
				CLANG_WARN_DIRECT_OBJC_ISA_USAGE = YES_ERROR;
				CLANG_WARN_DOCUMENTATION_COMMENTS = YES;
				CLANG_WARN_EMPTY_BODY = YES;
				CLANG_WARN_ENUM_CONVERSION = YES;
				CLANG_WARN_INFINITE_RECURSION = YES;
				CLANG_WARN_INT_CONVERSION = YES;
				CLANG_WARN_NON_LITERAL_NULL_CONVERSION = YES;
				CLANG_WARN_OBJC_LITERAL_CONVERSION = YES;
				CLANG_WARN_OBJC_ROOT_CLASS = YES_ERROR;
				CLANG_WARN_RANGE_LOOP_ANALYSIS = YES;
				CLANG_WARN_STRICT_PROTOTYPES = YES;
				CLANG_WARN_SUSPICIOUS_MOVE = YES;
				CLANG_WARN_UNGUARDED_AVAILABILITY = YES_AGGRESSIVE;
				CLANG_WARN_UNREACHABLE_CODE = YES;
				CLANG_WARN__DUPLICATE_METHOD_MATCH = YES;
				CODE_SIGN_IDENTITY = "iPhone Developer";
				COPY_PHASE_STRIP = NO;
				DEBUG_INFORMATION_FORMAT = dwarf;
				ENABLE_STRICT_OBJC_MSGSEND = YES;
				ENABLE_TESTABILITY = YES;
				GCC_C_LANGUAGE_STANDARD = gnu11;
				GCC_DYNAMIC_NO_PIC = NO;
				GCC_NO_COMMON_BLOCKS = YES;
				GCC_OPTIMIZATION_LEVEL = 0;
				GCC_PREPROCESSOR_DEFINITIONS = (
					"DEBUG=1",
					"$(inherited)",
				);
				GCC_WARN_64_TO_32_BIT_CONVERSION = YES;
				GCC_WARN_ABOUT_RETURN_TYPE = YES_ERROR;
				GCC_WARN_UNDECLARED_SELECTOR = YES;
				GCC_WARN_UNINITIALIZED_AUTOS = YES_AGGRESSIVE;
				GCC_WARN_UNUSED_FUNCTION = YES;
				GCC_WARN_UNUSED_VARIABLE = YES;
				IPHONEOS_DEPLOYMENT_TARGET = 11.2;
				MTL_ENABLE_DEBUG_INFO = YES;
				ONLY_ACTIVE_ARCH = YES;
				SDKROOT = iphoneos;
				SWIFT_ACTIVE_COMPILATION_CONDITIONS = DEBUG;
				SWIFT_OPTIMIZATION_LEVEL = "-Onone";
			};
			name = Debug;
		};
		A191B02B200D46ED004BE41D /* Release */ = {
			isa = XCBuildConfiguration;
			buildSettings = {
				ALWAYS_SEARCH_USER_PATHS = NO;
				CLANG_ANALYZER_NONNULL = YES;
				CLANG_ANALYZER_NUMBER_OBJECT_CONVERSION = YES_AGGRESSIVE;
				CLANG_CXX_LANGUAGE_STANDARD = "gnu++14";
				CLANG_CXX_LIBRARY = "libc++";
				CLANG_ENABLE_MODULES = YES;
				CLANG_ENABLE_OBJC_ARC = YES;
				CLANG_WARN_BLOCK_CAPTURE_AUTORELEASING = YES;
				CLANG_WARN_BOOL_CONVERSION = YES;
				CLANG_WARN_COMMA = YES;
				CLANG_WARN_CONSTANT_CONVERSION = YES;
				CLANG_WARN_DIRECT_OBJC_ISA_USAGE = YES_ERROR;
				CLANG_WARN_DOCUMENTATION_COMMENTS = YES;
				CLANG_WARN_EMPTY_BODY = YES;
				CLANG_WARN_ENUM_CONVERSION = YES;
				CLANG_WARN_INFINITE_RECURSION = YES;
				CLANG_WARN_INT_CONVERSION = YES;
				CLANG_WARN_NON_LITERAL_NULL_CONVERSION = YES;
				CLANG_WARN_OBJC_LITERAL_CONVERSION = YES;
				CLANG_WARN_OBJC_ROOT_CLASS = YES_ERROR;
				CLANG_WARN_RANGE_LOOP_ANALYSIS = YES;
				CLANG_WARN_STRICT_PROTOTYPES = YES;
				CLANG_WARN_SUSPICIOUS_MOVE = YES;
				CLANG_WARN_UNGUARDED_AVAILABILITY = YES_AGGRESSIVE;
				CLANG_WARN_UNREACHABLE_CODE = YES;
				CLANG_WARN__DUPLICATE_METHOD_MATCH = YES;
				CODE_SIGN_IDENTITY = "iPhone Developer";
				COPY_PHASE_STRIP = NO;
				DEBUG_INFORMATION_FORMAT = "dwarf-with-dsym";
				ENABLE_NS_ASSERTIONS = NO;
				ENABLE_STRICT_OBJC_MSGSEND = YES;
				GCC_C_LANGUAGE_STANDARD = gnu11;
				GCC_NO_COMMON_BLOCKS = YES;
				GCC_WARN_64_TO_32_BIT_CONVERSION = YES;
				GCC_WARN_ABOUT_RETURN_TYPE = YES_ERROR;
				GCC_WARN_UNDECLARED_SELECTOR = YES;
				GCC_WARN_UNINITIALIZED_AUTOS = YES_AGGRESSIVE;
				GCC_WARN_UNUSED_FUNCTION = YES;
				GCC_WARN_UNUSED_VARIABLE = YES;
				IPHONEOS_DEPLOYMENT_TARGET = 11.2;
				MTL_ENABLE_DEBUG_INFO = NO;
				SDKROOT = iphoneos;
				SWIFT_OPTIMIZATION_LEVEL = "-Owholemodule";
				VALIDATE_PRODUCT = YES;
			};
			name = Release;
		};
		A191B02D200D46ED004BE41D /* Debug */ = {
			isa = XCBuildConfiguration;
			buildSettings = {
				ASSETCATALOG_COMPILER_APPICON_NAME = AppIcon;
				CODE_SIGN_STYLE = Automatic;
				INFOPLIST_FILE = "Rainbow Road/Info.plist";
				IPHONEOS_DEPLOYMENT_TARGET = 11.1;
				LD_RUNPATH_SEARCH_PATHS = "$(inherited) @executable_path/Frameworks";
				PRODUCT_BUNDLE_IDENTIFIER = "com.codingdojo.Rainbow-Road";
				PRODUCT_NAME = "$(TARGET_NAME)";
				SWIFT_VERSION = 4.0;
				TARGETED_DEVICE_FAMILY = "1,2";
			};
			name = Debug;
		};
		A191B02E200D46ED004BE41D /* Release */ = {
			isa = XCBuildConfiguration;
			buildSettings = {
				ASSETCATALOG_COMPILER_APPICON_NAME = AppIcon;
				CODE_SIGN_STYLE = Automatic;
				INFOPLIST_FILE = "Rainbow Road/Info.plist";
				IPHONEOS_DEPLOYMENT_TARGET = 11.1;
				LD_RUNPATH_SEARCH_PATHS = "$(inherited) @executable_path/Frameworks";
				PRODUCT_BUNDLE_IDENTIFIER = "com.codingdojo.Rainbow-Road";
				PRODUCT_NAME = "$(TARGET_NAME)";
				SWIFT_VERSION = 4.0;
				TARGETED_DEVICE_FAMILY = "1,2";
			};
			name = Release;
		};
		A191B030200D46ED004BE41D /* Debug */ = {
			isa = XCBuildConfiguration;
			buildSettings = {
				ALWAYS_EMBED_SWIFT_STANDARD_LIBRARIES = YES;
				BUNDLE_LOADER = "$(TEST_HOST)";
				CODE_SIGN_STYLE = Automatic;
				INFOPLIST_FILE = "Rainbow RoadTests/Info.plist";
				LD_RUNPATH_SEARCH_PATHS = "$(inherited) @executable_path/Frameworks @loader_path/Frameworks";
				PRODUCT_BUNDLE_IDENTIFIER = "com.codingdojo.Rainbow-RoadTests";
				PRODUCT_NAME = "$(TARGET_NAME)";
				SWIFT_VERSION = 4.0;
				TARGETED_DEVICE_FAMILY = "1,2";
				TEST_HOST = "$(BUILT_PRODUCTS_DIR)/Rainbow Road.app/Rainbow Road";
			};
			name = Debug;
		};
		A191B031200D46ED004BE41D /* Release */ = {
			isa = XCBuildConfiguration;
			buildSettings = {
				ALWAYS_EMBED_SWIFT_STANDARD_LIBRARIES = YES;
				BUNDLE_LOADER = "$(TEST_HOST)";
				CODE_SIGN_STYLE = Automatic;
				INFOPLIST_FILE = "Rainbow RoadTests/Info.plist";
				LD_RUNPATH_SEARCH_PATHS = "$(inherited) @executable_path/Frameworks @loader_path/Frameworks";
				PRODUCT_BUNDLE_IDENTIFIER = "com.codingdojo.Rainbow-RoadTests";
				PRODUCT_NAME = "$(TARGET_NAME)";
				SWIFT_VERSION = 4.0;
				TARGETED_DEVICE_FAMILY = "1,2";
				TEST_HOST = "$(BUILT_PRODUCTS_DIR)/Rainbow Road.app/Rainbow Road";
			};
			name = Release;
		};
		A191B033200D46ED004BE41D /* Debug */ = {
			isa = XCBuildConfiguration;
			buildSettings = {
				ALWAYS_EMBED_SWIFT_STANDARD_LIBRARIES = YES;
				CODE_SIGN_STYLE = Automatic;
				INFOPLIST_FILE = "Rainbow RoadUITests/Info.plist";
				LD_RUNPATH_SEARCH_PATHS = "$(inherited) @executable_path/Frameworks @loader_path/Frameworks";
				PRODUCT_BUNDLE_IDENTIFIER = "com.codingdojo.Rainbow-RoadUITests";
				PRODUCT_NAME = "$(TARGET_NAME)";
				SWIFT_VERSION = 4.0;
				TARGETED_DEVICE_FAMILY = "1,2";
				TEST_TARGET_NAME = "Rainbow Road";
			};
			name = Debug;
		};
		A191B034200D46ED004BE41D /* Release */ = {
			isa = XCBuildConfiguration;
			buildSettings = {
				ALWAYS_EMBED_SWIFT_STANDARD_LIBRARIES = YES;
				CODE_SIGN_STYLE = Automatic;
				INFOPLIST_FILE = "Rainbow RoadUITests/Info.plist";
				LD_RUNPATH_SEARCH_PATHS = "$(inherited) @executable_path/Frameworks @loader_path/Frameworks";
				PRODUCT_BUNDLE_IDENTIFIER = "com.codingdojo.Rainbow-RoadUITests";
				PRODUCT_NAME = "$(TARGET_NAME)";
				SWIFT_VERSION = 4.0;
				TARGETED_DEVICE_FAMILY = "1,2";
				TEST_TARGET_NAME = "Rainbow Road";
			};
			name = Release;
		};
/* End XCBuildConfiguration section */

/* Begin XCConfigurationList section */
		A191AFFF200D46EC004BE41D /* Build configuration list for PBXProject "Rainbow Road" */ = {
			isa = XCConfigurationList;
			buildConfigurations = (
				A191B02A200D46ED004BE41D /* Debug */,
				A191B02B200D46ED004BE41D /* Release */,
			);
			defaultConfigurationIsVisible = 0;
			defaultConfigurationName = Release;
		};
		A191B02C200D46ED004BE41D /* Build configuration list for PBXNativeTarget "Rainbow Road" */ = {
			isa = XCConfigurationList;
			buildConfigurations = (
				A191B02D200D46ED004BE41D /* Debug */,
				A191B02E200D46ED004BE41D /* Release */,
			);
			defaultConfigurationIsVisible = 0;
			defaultConfigurationName = Release;
		};
		A191B02F200D46ED004BE41D /* Build configuration list for PBXNativeTarget "Rainbow RoadTests" */ = {
			isa = XCConfigurationList;
			buildConfigurations = (
				A191B030200D46ED004BE41D /* Debug */,
				A191B031200D46ED004BE41D /* Release */,
			);
			defaultConfigurationIsVisible = 0;
			defaultConfigurationName = Release;
		};
		A191B032200D46ED004BE41D /* Build configuration list for PBXNativeTarget "Rainbow RoadUITests" */ = {
			isa = XCConfigurationList;
			buildConfigurations = (
				A191B033200D46ED004BE41D /* Debug */,
				A191B034200D46ED004BE41D /* Release */,
			);
			defaultConfigurationIsVisible = 0;
			defaultConfigurationName = Release;
		};
/* End XCConfigurationList section */
	};
	rootObject = A191AFFC200D46EC004BE41D /* Project object */;
}
